
Microsoft Visual Studio Solution File, Format Version 12.00
# Visual Studio 15
VisualStudioVersion = 15.0.26730.16
MinimumVisualStudioVersion = 10.0.40219.1
Project("{FAE04EC0-301F-11D3-BF4B-00C04F79EFBC}") = "GetZip", "src\GetZip\GetZip.csproj", "{23C2AD37-708B-405E-8CB8-2BB3F6ADDDC4}"
EndProject
Project("{FAE04EC0-301F-11D3-BF4B-00C04F79EFBC}") = "GetZip.Test", "test\GetZip.Test\GetZip.Test.csproj", "{52665671-5D6D-4096-9E9B-FADA67EDF275}"
EndProject
Global
	GlobalSection(SolutionConfigurationPlatforms) = preSolution
		Debug|Any CPU = Debug|Any CPU
		Release|Any CPU = Release|Any CPU
	EndGlobalSection
	GlobalSection(ProjectConfigurationPlatforms) = postSolution
		{23C2AD37-708B-405E-8CB8-2BB3F6ADDDC4}.Debug|Any CPU.ActiveCfg = Debug|Any CPU
		{23C2AD37-708B-405E-8CB8-2BB3F6ADDDC4}.Debug|Any CPU.Build.0 = Debug|Any CPU
		{23C2AD37-708B-405E-8CB8-2BB3F6ADDDC4}.Release|Any CPU.ActiveCfg = Release|Any CPU
		{23C2AD37-708B-405E-8CB8-2BB3F6ADDDC4}.Release|Any CPU.Build.0 = Release|Any CPU
		{52665671-5D6D-4096-9E9B-FADA67EDF275}.Debug|Any CPU.ActiveCfg = Debug|Any CPU
		{52665671-5D6D-4096-9E9B-FADA67EDF275}.Debug|Any CPU.Build.0 = Debug|Any CPU
		{52665671-5D6D-4096-9E9B-FADA67EDF275}.Release|Any CPU.ActiveCfg = Release|Any CPU
		{52665671-5D6D-4096-9E9B-FADA67EDF275}.Release|Any CPU.Build.0 = Release|Any CPU
	EndGlobalSection
	GlobalSection(SolutionProperties) = preSolution
		HideSolutionNode = FALSE
	EndGlobalSection
	GlobalSection(ExtensibilityGlobals) = postSolution
		SolutionGuid = {8657EBBB-0540-41F3-935A-BED5AD89E934}
	EndGlobalSection
EndGlobal
